
Microsoft Visual Studio Solution File, Format Version 12.00
# Visual Studio 14
VisualStudioVersion = 14.0.25420.1
MinimumVisualStudioVersion = 10.0.40219.1
Project("{FAE04EC0-301F-11D3-BF4B-00C04F79EFBC}") = "MLPrognoza", "MLPrognoza\MLPrognoza.csproj", "{32C1D863-FC7D-436E-AF45-BA90E1C36DAE}"
EndProject
Project("{FAE04EC0-301F-11D3-BF4B-00C04F79EFBC}") = "MLPrognoza.Data", "MLPrognoza.Data\MLPrognoza.Data.csproj", "{FDF71704-DA83-4428-88BC-EFD2991CB808}"
EndProject
Global
	GlobalSection(SolutionConfigurationPlatforms) = preSolution
		Debug|Any CPU = Debug|Any CPU
		Release|Any CPU = Release|Any CPU
	EndGlobalSection
	GlobalSection(ProjectConfigurationPlatforms) = postSolution
		{32C1D863-FC7D-436E-AF45-BA90E1C36DAE}.Debug|Any CPU.ActiveCfg = Debug|Any CPU
		{32C1D863-FC7D-436E-AF45-BA90E1C36DAE}.Debug|Any CPU.Build.0 = Debug|Any CPU
		{32C1D863-FC7D-436E-AF45-BA90E1C36DAE}.Release|Any CPU.ActiveCfg = Release|Any CPU
		{32C1D863-FC7D-436E-AF45-BA90E1C36DAE}.Release|Any CPU.Build.0 = Release|Any CPU
		{FDF71704-DA83-4428-88BC-EFD2991CB808}.Debug|Any CPU.ActiveCfg = Debug|Any CPU
		{FDF71704-DA83-4428-88BC-EFD2991CB808}.Debug|Any CPU.Build.0 = Debug|Any CPU
		{FDF71704-DA83-4428-88BC-EFD2991CB808}.Release|Any CPU.ActiveCfg = Release|Any CPU
		{FDF71704-DA83-4428-88BC-EFD2991CB808}.Release|Any CPU.Build.0 = Release|Any CPU
	EndGlobalSection
	GlobalSection(SolutionProperties) = preSolution
		HideSolutionNode = FALSE
	EndGlobalSection
EndGlobal
